{
  "object": {
    "pins": [
      {
        "package": "RealmDatabase",
        "repositoryURL": "https://github.com/realm/realm-core.git",
        "state": {
          "branch": null,
          "revision": "b4192c46305570577c4d08df790fddec5ab3aa04",
          "version": "20.1.5"
        }
      },
      {
        "package": "Realm",
        "repositoryURL": "https://github.com/realm/realm-swift.git",
        "state": {
          "branch": null,
          "revision": "ca03df491ec5e4bb8af0bca1e9957d08c10ec2da",
          "version": "20.0.5"
        }
      },
      {
        "package": "Runtime",
        "repositoryURL": "https://github.com/wickwirew/Runtime.git",
        "state": {
          "branch": null,
          "revision": "b90e9ab1c66a964a9edf32fe38ea2774c0e5821b",
          "version": "2.2.7"
        }
      }
    ]
  },
  "version": 1
}
